// !$*UTF8*$!
{
	archiveVersion = 1;
	classes = {
	};
	objectVersion = 56;
	objects = {

/* Begin PBXBuildFile section */
		151B0EE02C8A45DD005A9C5E /* todo_appApp.swift in Sources */ = {isa = PBXBuildFile; fileRef = 151B0EDF2C8A45DD005A9C5E /* todo_appApp.swift */; };
		151B0EE42C8A45DE005A9C5E /* Assets.xcassets in Resources */ = {isa = PBXBuildFile; fileRef = 151B0EE32C8A45DE005A9C5E /* Assets.xcassets */; };
		151B0EE72C8A45DE005A9C5E /* Preview Assets.xcassets in Resources */ = {isa = PBXBuildFile; fileRef = 151B0EE62C8A45DE005A9C5E /* Preview Assets.xcassets */; };
		15324BED2C8B041E0027BABA /* ContentView.swift in Sources */ = {isa = PBXBuildFile; fileRef = 15324BEC2C8B041E0027BABA /* ContentView.swift */; };
		15324BF12C8B04810027BABA /* LoginView.swift in Sources */ = {isa = PBXBuildFile; fileRef = 15324BF02C8B04810027BABA /* LoginView.swift */; };
		15324BF82C8B0B7B0027BABA /* Authetication.swift in Sources */ = {isa = PBXBuildFile; fileRef = 15324BF72C8B0B7B0027BABA /* Authetication.swift */; };
		15324BFA2C8B10500027BABA /* LoginViewModel.swift in Sources */ = {isa = PBXBuildFile; fileRef = 15324BF92C8B10500027BABA /* LoginViewModel.swift */; };
		15324BFF2C8C75680027BABA /* APIService.swift in Sources */ = {isa = PBXBuildFile; fileRef = 15324BFE2C8C75680027BABA /* APIService.swift */; };
		15324C012C8C758F0027BABA /* Todo.swift in Sources */ = {isa = PBXBuildFile; fileRef = 15324C002C8C758F0027BABA /* Todo.swift */; };
		15324C052C8C75C50027BABA /* TodoListViewModel.swift in Sources */ = {isa = PBXBuildFile; fileRef = 15324C042C8C75C50027BABA /* TodoListViewModel.swift */; };
		15324C072C8C75D90027BABA /* TodoListView.swift in Sources */ = {isa = PBXBuildFile; fileRef = 15324C062C8C75D90027BABA /* TodoListView.swift */; };
		15324C092C8CAB4F0027BABA /* AddTodoView.swift in Sources */ = {isa = PBXBuildFile; fileRef = 15324C082C8CAB4F0027BABA /* AddTodoView.swift */; };
		15324C0B2C8CC1DE0027BABA /* AddTodoViewModel.swift in Sources */ = {isa = PBXBuildFile; fileRef = 15324C0A2C8CC1DD0027BABA /* AddTodoViewModel.swift */; };
		15324C132C8E24DE0027BABA /* User.swift in Sources */ = {isa = PBXBuildFile; fileRef = 15324C122C8E24DE0027BABA /* User.swift */; };
		155F1B062C8F4A770046F733 /* SettingsView.swift in Sources */ = {isa = PBXBuildFile; fileRef = 155F1B052C8F4A770046F733 /* SettingsView.swift */; };
		155F1B082C8F4BB50046F733 /* ContentViewModel.swift in Sources */ = {isa = PBXBuildFile; fileRef = 155F1B072C8F4BB50046F733 /* ContentViewModel.swift */; };
		15B112952C9B0AA400993B10 /* RegisterView.swift in Sources */ = {isa = PBXBuildFile; fileRef = 15B112942C9B0AA400993B10 /* RegisterView.swift */; };
		15B112972C9B0C2300993B10 /* RegisterViewModel.swift in Sources */ = {isa = PBXBuildFile; fileRef = 15B112962C9B0C2300993B10 /* RegisterViewModel.swift */; };
		15B1129B2C9B1CA100993B10 /* KeyChainService.swift in Sources */ = {isa = PBXBuildFile; fileRef = 15B1129A2C9B1CA100993B10 /* KeyChainService.swift */; };
		15CC05972C94EF5600C1F3E4 /* templates.swift in Sources */ = {isa = PBXBuildFile; fileRef = 15CC05962C94EF5600C1F3E4 /* templates.swift */; };
/* End PBXBuildFile section */

/* Begin PBXFileReference section */
		151B0EDC2C8A45DD005A9C5E /* todo-app.app */ = {isa = PBXFileReference; explicitFileType = wrapper.application; includeInIndex = 0; path = "todo-app.app"; sourceTree = BUILT_PRODUCTS_DIR; };
		151B0EDF2C8A45DD005A9C5E /* todo_appApp.swift */ = {isa = PBXFileReference; lastKnownFileType = sourcecode.swift; path = todo_appApp.swift; sourceTree = "<group>"; };
		151B0EE32C8A45DE005A9C5E /* Assets.xcassets */ = {isa = PBXFileReference; lastKnownFileType = folder.assetcatalog; path = Assets.xcassets; sourceTree = "<group>"; };
		151B0EE62C8A45DE005A9C5E /* Preview Assets.xcassets */ = {isa = PBXFileReference; lastKnownFileType = folder.assetcatalog; path = "Preview Assets.xcassets"; sourceTree = "<group>"; };
		152CD7732C8FB273006F9D46 /* README.md */ = {isa = PBXFileReference; lastKnownFileType = net.daringfireball.markdown; path = README.md; sourceTree = "<group>"; };
		15324BEC2C8B041E0027BABA /* ContentView.swift */ = {isa = PBXFileReference; lastKnownFileType = sourcecode.swift; path = ContentView.swift; sourceTree = "<group>"; };
		15324BF02C8B04810027BABA /* LoginView.swift */ = {isa = PBXFileReference; lastKnownFileType = sourcecode.swift; path = LoginView.swift; sourceTree = "<group>"; };
		15324BF72C8B0B7B0027BABA /* Authetication.swift */ = {isa = PBXFileReference; lastKnownFileType = sourcecode.swift; path = Authetication.swift; sourceTree = "<group>"; };
		15324BF92C8B10500027BABA /* LoginViewModel.swift */ = {isa = PBXFileReference; lastKnownFileType = sourcecode.swift; path = LoginViewModel.swift; sourceTree = "<group>"; };
		15324BFE2C8C75680027BABA /* APIService.swift */ = {isa = PBXFileReference; lastKnownFileType = sourcecode.swift; path = APIService.swift; sourceTree = "<group>"; };
		15324C002C8C758F0027BABA /* Todo.swift */ = {isa = PBXFileReference; lastKnownFileType = sourcecode.swift; path = Todo.swift; sourceTree = "<group>"; };
		15324C042C8C75C50027BABA /* TodoListViewModel.swift */ = {isa = PBXFileReference; lastKnownFileType = sourcecode.swift; path = TodoListViewModel.swift; sourceTree = "<group>"; };
		15324C062C8C75D90027BABA /* TodoListView.swift */ = {isa = PBXFileReference; lastKnownFileType = sourcecode.swift; path = TodoListView.swift; sourceTree = "<group>"; };
		15324C082C8CAB4F0027BABA /* AddTodoView.swift */ = {isa = PBXFileReference; lastKnownFileType = sourcecode.swift; path = AddTodoView.swift; sourceTree = "<group>"; };
		15324C0A2C8CC1DD0027BABA /* AddTodoViewModel.swift */ = {isa = PBXFileReference; lastKnownFileType = sourcecode.swift; path = AddTodoViewModel.swift; sourceTree = "<group>"; };
		15324C122C8E24DE0027BABA /* User.swift */ = {isa = PBXFileReference; lastKnownFileType = sourcecode.swift; path = User.swift; sourceTree = "<group>"; };
		155F1B052C8F4A770046F733 /* SettingsView.swift */ = {isa = PBXFileReference; lastKnownFileType = sourcecode.swift; path = SettingsView.swift; sourceTree = "<group>"; };
		155F1B072C8F4BB50046F733 /* ContentViewModel.swift */ = {isa = PBXFileReference; lastKnownFileType = sourcecode.swift; path = ContentViewModel.swift; sourceTree = "<group>"; };
		15B112942C9B0AA400993B10 /* RegisterView.swift */ = {isa = PBXFileReference; lastKnownFileType = sourcecode.swift; path = RegisterView.swift; sourceTree = "<group>"; };
		15B112962C9B0C2300993B10 /* RegisterViewModel.swift */ = {isa = PBXFileReference; lastKnownFileType = sourcecode.swift; path = RegisterViewModel.swift; sourceTree = "<group>"; };
		15B1129A2C9B1CA100993B10 /* KeyChainService.swift */ = {isa = PBXFileReference; lastKnownFileType = sourcecode.swift; path = KeyChainService.swift; sourceTree = "<group>"; };
		15CC05962C94EF5600C1F3E4 /* templates.swift */ = {isa = PBXFileReference; lastKnownFileType = sourcecode.swift; path = templates.swift; sourceTree = "<group>"; };
/* End PBXFileReference section */

/* Begin PBXFrameworksBuildPhase section */
		151B0ED92C8A45DD005A9C5E /* Frameworks */ = {
			isa = PBXFrameworksBuildPhase;
			buildActionMask = 2147483647;
			files = (
			);
			runOnlyForDeploymentPostprocessing = 0;
		};
/* End PBXFrameworksBuildPhase section */

/* Begin PBXGroup section */
		151B0ED32C8A45DD005A9C5E = {
			isa = PBXGroup;
			children = (
				151B0EDE2C8A45DD005A9C5E /* todo-app */,
				151B0EDD2C8A45DD005A9C5E /* Products */,
			);
			sourceTree = "<group>";
		};
		151B0EDD2C8A45DD005A9C5E /* Products */ = {
			isa = PBXGroup;
			children = (
				151B0EDC2C8A45DD005A9C5E /* todo-app.app */,
			);
			name = Products;
			sourceTree = "<group>";
		};
		151B0EDE2C8A45DD005A9C5E /* todo-app */ = {
			isa = PBXGroup;
			children = (
				15324BFD2C8C75580027BABA /* Services */,
				15324BF62C8B0B5D0027BABA /* Models */,
				15324BEB2C8B03AE0027BABA /* ViewModel */,
				15324BEA2C8B03A30027BABA /* Views */,
				151B0EDF2C8A45DD005A9C5E /* todo_appApp.swift */,
				15CC05962C94EF5600C1F3E4 /* templates.swift */,
				151B0EE32C8A45DE005A9C5E /* Assets.xcassets */,
				151B0EE52C8A45DE005A9C5E /* Preview Content */,
				152CD7732C8FB273006F9D46 /* README.md */,
			);
			path = "todo-app";
			sourceTree = "<group>";
		};
		151B0EE52C8A45DE005A9C5E /* Preview Content */ = {
			isa = PBXGroup;
			children = (
				151B0EE62C8A45DE005A9C5E /* Preview Assets.xcassets */,
			);
			path = "Preview Content";
			sourceTree = "<group>";
		};
		15324BEA2C8B03A30027BABA /* Views */ = {
			isa = PBXGroup;
			children = (
				15324BEC2C8B041E0027BABA /* ContentView.swift */,
				15324BF02C8B04810027BABA /* LoginView.swift */,
				15324C062C8C75D90027BABA /* TodoListView.swift */,
				15324C082C8CAB4F0027BABA /* AddTodoView.swift */,
				15B112942C9B0AA400993B10 /* RegisterView.swift */,
				155F1B052C8F4A770046F733 /* SettingsView.swift */,
			);
			path = Views;
			sourceTree = "<group>";
		};
		15324BEB2C8B03AE0027BABA /* ViewModel */ = {
			isa = PBXGroup;
			children = (
				15324BF92C8B10500027BABA /* LoginViewModel.swift */,
				15324C042C8C75C50027BABA /* TodoListViewModel.swift */,
				15324C0A2C8CC1DD0027BABA /* AddTodoViewModel.swift */,
				155F1B072C8F4BB50046F733 /* ContentViewModel.swift */,
				15B112962C9B0C2300993B10 /* RegisterViewModel.swift */,
			);
			path = ViewModel;
			sourceTree = "<group>";
		};
		15324BF62C8B0B5D0027BABA /* Models */ = {
			isa = PBXGroup;
			children = (
				15324BF72C8B0B7B0027BABA /* Authetication.swift */,
				15324C002C8C758F0027BABA /* Todo.swift */,
				15324C122C8E24DE0027BABA /* User.swift */,
			);
			path = Models;
			sourceTree = "<group>";
		};
		15324BFD2C8C75580027BABA /* Services */ = {
			isa = PBXGroup;
			children = (
				15324BFE2C8C75680027BABA /* APIService.swift */,
				15B1129A2C9B1CA100993B10 /* KeyChainService.swift */,
			);
			path = Services;
			sourceTree = "<group>";
		};
/* End PBXGroup section */

/* Begin PBXNativeTarget section */
		151B0EDB2C8A45DD005A9C5E /* todo-app */ = {
			isa = PBXNativeTarget;
			buildConfigurationList = 151B0EEA2C8A45DE005A9C5E /* Build configuration list for PBXNativeTarget "todo-app" */;
			buildPhases = (
				151B0ED82C8A45DD005A9C5E /* Sources */,
				151B0ED92C8A45DD005A9C5E /* Frameworks */,
				151B0EDA2C8A45DD005A9C5E /* Resources */,
			);
			buildRules = (
			);
			dependencies = (
			);
			name = "todo-app";
			packageProductDependencies = (
			);
			productName = "todo-app";
			productReference = 151B0EDC2C8A45DD005A9C5E /* todo-app.app */;
			productType = "com.apple.product-type.application";
		};
/* End PBXNativeTarget section */

/* Begin PBXProject section */
		151B0ED42C8A45DD005A9C5E /* Project object */ = {
			isa = PBXProject;
			attributes = {
				BuildIndependentTargetsInParallel = 1;
				LastSwiftUpdateCheck = 1540;
				LastUpgradeCheck = 1540;
				TargetAttributes = {
					151B0EDB2C8A45DD005A9C5E = {
						CreatedOnToolsVersion = 15.4;
					};
				};
			};
			buildConfigurationList = 151B0ED72C8A45DD005A9C5E /* Build configuration list for PBXProject "todo-app" */;
			compatibilityVersion = "Xcode 14.0";
			developmentRegion = en;
			hasScannedForEncodings = 0;
			knownRegions = (
				en,
				Base,
			);
			mainGroup = 151B0ED32C8A45DD005A9C5E;
			packageReferences = (
			);
			productRefGroup = 151B0EDD2C8A45DD005A9C5E /* Products */;
			projectDirPath = "";
			projectRoot = "";
			targets = (
				151B0EDB2C8A45DD005A9C5E /* todo-app */,
			);
		};
/* End PBXProject section */

/* Begin PBXResourcesBuildPhase section */
		151B0EDA2C8A45DD005A9C5E /* Resources */ = {
			isa = PBXResourcesBuildPhase;
			buildActionMask = 2147483647;
			files = (
				151B0EE72C8A45DE005A9C5E /* Preview Assets.xcassets in Resources */,
				151B0EE42C8A45DE005A9C5E /* Assets.xcassets in Resources */,
			);
			runOnlyForDeploymentPostprocessing = 0;
		};
/* End PBXResourcesBuildPhase section */

/* Begin PBXSourcesBuildPhase section */
		151B0ED82C8A45DD005A9C5E /* Sources */ = {
			isa = PBXSourcesBuildPhase;
			buildActionMask = 2147483647;
			files = (
				155F1B062C8F4A770046F733 /* SettingsView.swift in Sources */,
				15324BED2C8B041E0027BABA /* ContentView.swift in Sources */,
				151B0EE02C8A45DD005A9C5E /* todo_appApp.swift in Sources */,
				15B1129B2C9B1CA100993B10 /* KeyChainService.swift in Sources */,
				15324C092C8CAB4F0027BABA /* AddTodoView.swift in Sources */,
				15324BF82C8B0B7B0027BABA /* Authetication.swift in Sources */,
				15324C132C8E24DE0027BABA /* User.swift in Sources */,
				15324C072C8C75D90027BABA /* TodoListView.swift in Sources */,
				15324C012C8C758F0027BABA /* Todo.swift in Sources */,
				15B112952C9B0AA400993B10 /* RegisterView.swift in Sources */,
				155F1B082C8F4BB50046F733 /* ContentViewModel.swift in Sources */,
				15B112972C9B0C2300993B10 /* RegisterViewModel.swift in Sources */,
				15324C0B2C8CC1DE0027BABA /* AddTodoViewModel.swift in Sources */,
				15CC05972C94EF5600C1F3E4 /* templates.swift in Sources */,
				15324BF12C8B04810027BABA /* LoginView.swift in Sources */,
				15324BFF2C8C75680027BABA /* APIService.swift in Sources */,
				15324C052C8C75C50027BABA /* TodoListViewModel.swift in Sources */,
				15324BFA2C8B10500027BABA /* LoginViewModel.swift in Sources */,
			);
			runOnlyForDeploymentPostprocessing = 0;
		};
/* End PBXSourcesBuildPhase section */

/* Begin XCBuildConfiguration section */
		151B0EE82C8A45DE005A9C5E /* Debug */ = {
			isa = XCBuildConfiguration;
			buildSettings = {
				ALWAYS_SEARCH_USER_PATHS = NO;
				ASSETCATALOG_COMPILER_GENERATE_SWIFT_ASSET_SYMBOL_EXTENSIONS = YES;
				CLANG_ANALYZER_NONNULL = YES;
				CLANG_ANALYZER_NUMBER_OBJECT_CONVERSION = YES_AGGRESSIVE;
				CLANG_CXX_LANGUAGE_STANDARD = "gnu++20";
				CLANG_ENABLE_MODULES = YES;
				CLANG_ENABLE_OBJC_ARC = YES;
				CLANG_ENABLE_OBJC_WEAK = YES;
				CLANG_WARN_BLOCK_CAPTURE_AUTORELEASING = YES;
				CLANG_WARN_BOOL_CONVERSION = YES;
				CLANG_WARN_COMMA = YES;
				CLANG_WARN_CONSTANT_CONVERSION = YES;
				CLANG_WARN_DEPRECATED_OBJC_IMPLEMENTATIONS = YES;
				CLANG_WARN_DIRECT_OBJC_ISA_USAGE = YES_ERROR;
				CLANG_WARN_DOCUMENTATION_COMMENTS = YES;
				CLANG_WARN_EMPTY_BODY = YES;
				CLANG_WARN_ENUM_CONVERSION = YES;
				CLANG_WARN_INFINITE_RECURSION = YES;
				CLANG_WARN_INT_CONVERSION = YES;
				CLANG_WARN_NON_LITERAL_NULL_CONVERSION = YES;
				CLANG_WARN_OBJC_IMPLICIT_RETAIN_SELF = YES;
				CLANG_WARN_OBJC_LITERAL_CONVERSION = YES;
				CLANG_WARN_OBJC_ROOT_CLASS = YES_ERROR;
				CLANG_WARN_QUOTED_INCLUDE_IN_FRAMEWORK_HEADER = YES;
				CLANG_WARN_RANGE_LOOP_ANALYSIS = YES;
				CLANG_WARN_STRICT_PROTOTYPES = YES;
				CLANG_WARN_SUSPICIOUS_MOVE = YES;
				CLANG_WARN_UNGUARDED_AVAILABILITY = YES_AGGRESSIVE;
				CLANG_WARN_UNREACHABLE_CODE = YES;
				CLANG_WARN__DUPLICATE_METHOD_MATCH = YES;
				COPY_PHASE_STRIP = NO;
				DEBUG_INFORMATION_FORMAT = dwarf;
				ENABLE_STRICT_OBJC_MSGSEND = YES;
				ENABLE_TESTABILITY = YES;
				ENABLE_USER_SCRIPT_SANDBOXING = YES;
				GCC_C_LANGUAGE_STANDARD = gnu17;
				GCC_DYNAMIC_NO_PIC = NO;
				GCC_NO_COMMON_BLOCKS = YES;
				GCC_OPTIMIZATION_LEVEL = 0;
				GCC_PREPROCESSOR_DEFINITIONS = (
					"DEBUG=1",
					"$(inherited)",
				);
				GCC_WARN_64_TO_32_BIT_CONVERSION = YES;
				GCC_WARN_ABOUT_RETURN_TYPE = YES_ERROR;
				GCC_WARN_UNDECLARED_SELECTOR = YES;
				GCC_WARN_UNINITIALIZED_AUTOS = YES_AGGRESSIVE;
				GCC_WARN_UNUSED_FUNCTION = YES;
				GCC_WARN_UNUSED_VARIABLE = YES;
				IPHONEOS_DEPLOYMENT_TARGET = 17.5;
				LOCALIZATION_PREFERS_STRING_CATALOGS = YES;
				MTL_ENABLE_DEBUG_INFO = INCLUDE_SOURCE;
				MTL_FAST_MATH = YES;
				ONLY_ACTIVE_ARCH = YES;
				SDKROOT = iphoneos;
				SWIFT_ACTIVE_COMPILATION_CONDITIONS = "DEBUG $(inherited)";
				SWIFT_OPTIMIZATION_LEVEL = "-Onone";
			};
			name = Debug;
		};
		151B0EE92C8A45DE005A9C5E /* Release */ = {
			isa = XCBuildConfiguration;
			buildSettings = {
				ALWAYS_SEARCH_USER_PATHS = NO;
				ASSETCATALOG_COMPILER_GENERATE_SWIFT_ASSET_SYMBOL_EXTENSIONS = YES;
				CLANG_ANALYZER_NONNULL = YES;
				CLANG_ANALYZER_NUMBER_OBJECT_CONVERSION = YES_AGGRESSIVE;
				CLANG_CXX_LANGUAGE_STANDARD = "gnu++20";
				CLANG_ENABLE_MODULES = YES;
				CLANG_ENABLE_OBJC_ARC = YES;
				CLANG_ENABLE_OBJC_WEAK = YES;
				CLANG_WARN_BLOCK_CAPTURE_AUTORELEASING = YES;
				CLANG_WARN_BOOL_CONVERSION = YES;
				CLANG_WARN_COMMA = YES;
				CLANG_WARN_CONSTANT_CONVERSION = YES;
				CLANG_WARN_DEPRECATED_OBJC_IMPLEMENTATIONS = YES;
				CLANG_WARN_DIRECT_OBJC_ISA_USAGE = YES_ERROR;
				CLANG_WARN_DOCUMENTATION_COMMENTS = YES;
				CLANG_WARN_EMPTY_BODY = YES;
				CLANG_WARN_ENUM_CONVERSION = YES;
				CLANG_WARN_INFINITE_RECURSION = YES;
				CLANG_WARN_INT_CONVERSION = YES;
				CLANG_WARN_NON_LITERAL_NULL_CONVERSION = YES;
				CLANG_WARN_OBJC_IMPLICIT_RETAIN_SELF = YES;
				CLANG_WARN_OBJC_LITERAL_CONVERSION = YES;
				CLANG_WARN_OBJC_ROOT_CLASS = YES_ERROR;
				CLANG_WARN_QUOTED_INCLUDE_IN_FRAMEWORK_HEADER = YES;
				CLANG_WARN_RANGE_LOOP_ANALYSIS = YES;
				CLANG_WARN_STRICT_PROTOTYPES = YES;
				CLANG_WARN_SUSPICIOUS_MOVE = YES;
				CLANG_WARN_UNGUARDED_AVAILABILITY = YES_AGGRESSIVE;
				CLANG_WARN_UNREACHABLE_CODE = YES;
				CLANG_WARN__DUPLICATE_METHOD_MATCH = YES;
				COPY_PHASE_STRIP = NO;
				DEBUG_INFORMATION_FORMAT = "dwarf-with-dsym";
				ENABLE_NS_ASSERTIONS = NO;
				ENABLE_STRICT_OBJC_MSGSEND = YES;
				ENABLE_USER_SCRIPT_SANDBOXING = YES;
				GCC_C_LANGUAGE_STANDARD = gnu17;
				GCC_NO_COMMON_BLOCKS = YES;
				GCC_WARN_64_TO_32_BIT_CONVERSION = YES;
				GCC_WARN_ABOUT_RETURN_TYPE = YES_ERROR;
				GCC_WARN_UNDECLARED_SELECTOR = YES;
				GCC_WARN_UNINITIALIZED_AUTOS = YES_AGGRESSIVE;
				GCC_WARN_UNUSED_FUNCTION = YES;
				GCC_WARN_UNUSED_VARIABLE = YES;
				IPHONEOS_DEPLOYMENT_TARGET = 17.5;
				LOCALIZATION_PREFERS_STRING_CATALOGS = YES;
				MTL_ENABLE_DEBUG_INFO = NO;
				MTL_FAST_MATH = YES;
				SDKROOT = iphoneos;
				SWIFT_COMPILATION_MODE = wholemodule;
				VALIDATE_PRODUCT = YES;
			};
			name = Release;
		};
		151B0EEB2C8A45DE005A9C5E /* Debug */ = {
			isa = XCBuildConfiguration;
			buildSettings = {
				ASSETCATALOG_COMPILER_APPICON_NAME = AppIcon;
				ASSETCATALOG_COMPILER_GLOBAL_ACCENT_COLOR_NAME = AccentColor;
				CODE_SIGN_STYLE = Automatic;
				CURRENT_PROJECT_VERSION = 1;
				DEVELOPMENT_ASSET_PATHS = "\"todo-app/Preview Content\"";
				ENABLE_PREVIEWS = YES;
				GENERATE_INFOPLIST_FILE = YES;
				INFOPLIST_KEY_UIApplicationSceneManifest_Generation = YES;
				INFOPLIST_KEY_UIApplicationSupportsIndirectInputEvents = YES;
				INFOPLIST_KEY_UILaunchScreen_Generation = YES;
				INFOPLIST_KEY_UISupportedInterfaceOrientations_iPad = "UIInterfaceOrientationPortrait UIInterfaceOrientationPortraitUpsideDown UIInterfaceOrientationLandscapeLeft UIInterfaceOrientationLandscapeRight";
				INFOPLIST_KEY_UISupportedInterfaceOrientations_iPhone = "UIInterfaceOrientationPortrait UIInterfaceOrientationLandscapeLeft UIInterfaceOrientationLandscapeRight";
				LD_RUNPATH_SEARCH_PATHS = (
					"$(inherited)",
					"@executable_path/Frameworks",
				);
				MARKETING_VERSION = 1.0;
				PRODUCT_BUNDLE_IDENTIFIER = "de.linus.todo-app";
				PRODUCT_NAME = "$(TARGET_NAME)";
				SWIFT_EMIT_LOC_STRINGS = YES;
				SWIFT_VERSION = 5.0;
				TARGETED_DEVICE_FAMILY = "1,2";
			};
			name = Debug;
		};
		151B0EEC2C8A45DE005A9C5E /* Release */ = {
			isa = XCBuildConfiguration;
			buildSettings = {
				ASSETCATALOG_COMPILER_APPICON_NAME = AppIcon;
				ASSETCATALOG_COMPILER_GLOBAL_ACCENT_COLOR_NAME = AccentColor;
				CODE_SIGN_STYLE = Automatic;
				CURRENT_PROJECT_VERSION = 1;
				DEVELOPMENT_ASSET_PATHS = "\"todo-app/Preview Content\"";
				ENABLE_PREVIEWS = YES;
				GENERATE_INFOPLIST_FILE = YES;
				INFOPLIST_KEY_UIApplicationSceneManifest_Generation = YES;
				INFOPLIST_KEY_UIApplicationSupportsIndirectInputEvents = YES;
				INFOPLIST_KEY_UILaunchScreen_Generation = YES;
				INFOPLIST_KEY_UISupportedInterfaceOrientations_iPad = "UIInterfaceOrientationPortrait UIInterfaceOrientationPortraitUpsideDown UIInterfaceOrientationLandscapeLeft UIInterfaceOrientationLandscapeRight";
				INFOPLIST_KEY_UISupportedInterfaceOrientations_iPhone = "UIInterfaceOrientationPortrait UIInterfaceOrientationLandscapeLeft UIInterfaceOrientationLandscapeRight";
				LD_RUNPATH_SEARCH_PATHS = (
					"$(inherited)",
					"@executable_path/Frameworks",
				);
				MARKETING_VERSION = 1.0;
				PRODUCT_BUNDLE_IDENTIFIER = "de.linus.todo-app";
				PRODUCT_NAME = "$(TARGET_NAME)";
				SWIFT_EMIT_LOC_STRINGS = YES;
				SWIFT_VERSION = 5.0;
				TARGETED_DEVICE_FAMILY = "1,2";
			};
			name = Release;
		};
/* End XCBuildConfiguration section */

/* Begin XCConfigurationList section */
		151B0ED72C8A45DD005A9C5E /* Build configuration list for PBXProject "todo-app" */ = {
			isa = XCConfigurationList;
			buildConfigurations = (
				151B0EE82C8A45DE005A9C5E /* Debug */,
				151B0EE92C8A45DE005A9C5E /* Release */,
			);
			defaultConfigurationIsVisible = 0;
			defaultConfigurationName = Release;
		};
		151B0EEA2C8A45DE005A9C5E /* Build configuration list for PBXNativeTarget "todo-app" */ = {
			isa = XCConfigurationList;
			buildConfigurations = (
				151B0EEB2C8A45DE005A9C5E /* Debug */,
				151B0EEC2C8A45DE005A9C5E /* Release */,
			);
			defaultConfigurationIsVisible = 0;
			defaultConfigurationName = Release;
		};
/* End XCConfigurationList section */
	};
	rootObject = 151B0ED42C8A45DD005A9C5E /* Project object */;
}
